// !$*UTF8*$!
{
	archiveVersion = 1;
	classes = {
	};
	objectVersion = 48;
	objects = {

/* Begin PBXBuildFile section */
		A07DDCC61FCB2F5300C3641A /* AppDelegate.swift in Sources */ = {isa = PBXBuildFile; fileRef = A07DDCC51FCB2F5300C3641A /* AppDelegate.swift */; };
		A07DDCC81FCB2F5300C3641A /* MapVC.swift in Sources */ = {isa = PBXBuildFile; fileRef = A07DDCC71FCB2F5300C3641A /* MapVC.swift */; };
		A07DDCCB1FCB2F5300C3641A /* Main.storyboard in Resources */ = {isa = PBXBuildFile; fileRef = A07DDCC91FCB2F5300C3641A /* Main.storyboard */; };
		A07DDCCD1FCB2F5300C3641A /* Assets.xcassets in Resources */ = {isa = PBXBuildFile; fileRef = A07DDCCC1FCB2F5300C3641A /* Assets.xcassets */; };
		A07DDCD01FCB2F5300C3641A /* LaunchScreen.storyboard in Resources */ = {isa = PBXBuildFile; fileRef = A07DDCCE1FCB2F5300C3641A /* LaunchScreen.storyboard */; };
		A0B5BD3C1FCD8C490003873C /* PhotoCell.swift in Sources */ = {isa = PBXBuildFile; fileRef = A0B5BD3B1FCD8C490003873C /* PhotoCell.swift */; };
		A0B5BD3E1FCD91860003873C /* Constants.swift in Sources */ = {isa = PBXBuildFile; fileRef = A0B5BD3D1FCD91860003873C /* Constants.swift */; };
		A0DB78741FCC156E00251E93 /* DroppablePin.swift in Sources */ = {isa = PBXBuildFile; fileRef = A0DB78731FCC156E00251E93 /* DroppablePin.swift */; };
		BDB5B657D8D078BE04D8BA40 /* Pods_PixelCity.framework in Frameworks */ = {isa = PBXBuildFile; fileRef = 83746633F8C777053870BDCF /* Pods_PixelCity.framework */; };
/* End PBXBuildFile section */

/* Begin PBXFileReference section */
		602BA9FD9990837098E464C7 /* Pods-PixelCity.release.xcconfig */ = {isa = PBXFileReference; includeInIndex = 1; lastKnownFileType = text.xcconfig; name = "Pods-PixelCity.release.xcconfig"; path = "Pods/Target Support Files/Pods-PixelCity/Pods-PixelCity.release.xcconfig"; sourceTree = "<group>"; };
		83746633F8C777053870BDCF /* Pods_PixelCity.framework */ = {isa = PBXFileReference; explicitFileType = wrapper.framework; includeInIndex = 0; path = Pods_PixelCity.framework; sourceTree = BUILT_PRODUCTS_DIR; };
		A07DDCC21FCB2F5300C3641A /* PixelCity.app */ = {isa = PBXFileReference; explicitFileType = wrapper.application; includeInIndex = 0; path = PixelCity.app; sourceTree = BUILT_PRODUCTS_DIR; };
		A07DDCC51FCB2F5300C3641A /* AppDelegate.swift */ = {isa = PBXFileReference; lastKnownFileType = sourcecode.swift; path = AppDelegate.swift; sourceTree = "<group>"; };
		A07DDCC71FCB2F5300C3641A /* MapVC.swift */ = {isa = PBXFileReference; lastKnownFileType = sourcecode.swift; path = MapVC.swift; sourceTree = "<group>"; };
		A07DDCCA1FCB2F5300C3641A /* Base */ = {isa = PBXFileReference; lastKnownFileType = file.storyboard; name = Base; path = Base.lproj/Main.storyboard; sourceTree = "<group>"; };
		A07DDCCC1FCB2F5300C3641A /* Assets.xcassets */ = {isa = PBXFileReference; lastKnownFileType = folder.assetcatalog; path = Assets.xcassets; sourceTree = "<group>"; };
		A07DDCCF1FCB2F5300C3641A /* Base */ = {isa = PBXFileReference; lastKnownFileType = file.storyboard; name = Base; path = Base.lproj/LaunchScreen.storyboard; sourceTree = "<group>"; };
		A07DDCD11FCB2F5300C3641A /* Info.plist */ = {isa = PBXFileReference; lastKnownFileType = text.plist.xml; path = Info.plist; sourceTree = "<group>"; };
		A0B5BD3B1FCD8C490003873C /* PhotoCell.swift */ = {isa = PBXFileReference; lastKnownFileType = sourcecode.swift; path = PhotoCell.swift; sourceTree = "<group>"; };
		A0B5BD3D1FCD91860003873C /* Constants.swift */ = {isa = PBXFileReference; lastKnownFileType = sourcecode.swift; path = Constants.swift; sourceTree = "<group>"; };
		A0DB78731FCC156E00251E93 /* DroppablePin.swift */ = {isa = PBXFileReference; lastKnownFileType = sourcecode.swift; path = DroppablePin.swift; sourceTree = "<group>"; };
		D19916791C555C0A9BDBE60E /* Pods-PixelCity.debug.xcconfig */ = {isa = PBXFileReference; includeInIndex = 1; lastKnownFileType = text.xcconfig; name = "Pods-PixelCity.debug.xcconfig"; path = "Pods/Target Support Files/Pods-PixelCity/Pods-PixelCity.debug.xcconfig"; sourceTree = "<group>"; };
/* End PBXFileReference section */

/* Begin PBXFrameworksBuildPhase section */
		A07DDCBF1FCB2F5300C3641A /* Frameworks */ = {
			isa = PBXFrameworksBuildPhase;
			buildActionMask = 2147483647;
			files = (
				BDB5B657D8D078BE04D8BA40 /* Pods_PixelCity.framework in Frameworks */,
			);
			runOnlyForDeploymentPostprocessing = 0;
		};
/* End PBXFrameworksBuildPhase section */

/* Begin PBXGroup section */
		A07DDCB91FCB2F5300C3641A = {
			isa = PBXGroup;
			children = (
				A07DDCC41FCB2F5300C3641A /* PixelCity */,
				A07DDCC31FCB2F5300C3641A /* Products */,
				B14EE65D35DF8D80DB303661 /* Pods */,
				DDBE178CBEDE5D692D15D868 /* Frameworks */,
			);
			sourceTree = "<group>";
		};
		A07DDCC31FCB2F5300C3641A /* Products */ = {
			isa = PBXGroup;
			children = (
				A07DDCC21FCB2F5300C3641A /* PixelCity.app */,
			);
			name = Products;
			sourceTree = "<group>";
		};
		A07DDCC41FCB2F5300C3641A /* PixelCity */ = {
			isa = PBXGroup;
			children = (
				A07DDCDA1FCB2F9D00C3641A /* Utilities */,
				A07DDCD91FCB2F9800C3641A /* Extensions */,
				A07DDCD81FCB2F9300C3641A /* View */,
				A07DDCD71FCB2F8800C3641A /* Controller */,
				A07DDCC51FCB2F5300C3641A /* AppDelegate.swift */,
				A07DDCC91FCB2F5300C3641A /* Main.storyboard */,
				A07DDCCC1FCB2F5300C3641A /* Assets.xcassets */,
				A07DDCCE1FCB2F5300C3641A /* LaunchScreen.storyboard */,
				A07DDCD11FCB2F5300C3641A /* Info.plist */,
			);
			path = PixelCity;
			sourceTree = "<group>";
		};
		A07DDCD71FCB2F8800C3641A /* Controller */ = {
			isa = PBXGroup;
			children = (
				A07DDCC71FCB2F5300C3641A /* MapVC.swift */,
			);
			path = Controller;
			sourceTree = "<group>";
		};
		A07DDCD81FCB2F9300C3641A /* View */ = {
			isa = PBXGroup;
			children = (
				A0DB78731FCC156E00251E93 /* DroppablePin.swift */,
				A0B5BD3B1FCD8C490003873C /* PhotoCell.swift */,
			);
			path = View;
			sourceTree = "<group>";
		};
		A07DDCD91FCB2F9800C3641A /* Extensions */ = {
			isa = PBXGroup;
			children = (
			);
			path = Extensions;
			sourceTree = "<group>";
		};
		A07DDCDA1FCB2F9D00C3641A /* Utilities */ = {
			isa = PBXGroup;
			children = (
				A0B5BD3D1FCD91860003873C /* Constants.swift */,
			);
			path = Utilities;
			sourceTree = "<group>";
		};
		B14EE65D35DF8D80DB303661 /* Pods */ = {
			isa = PBXGroup;
			children = (
				D19916791C555C0A9BDBE60E /* Pods-PixelCity.debug.xcconfig */,
				602BA9FD9990837098E464C7 /* Pods-PixelCity.release.xcconfig */,
			);
			name = Pods;
			sourceTree = "<group>";
		};
		DDBE178CBEDE5D692D15D868 /* Frameworks */ = {
			isa = PBXGroup;
			children = (
				83746633F8C777053870BDCF /* Pods_PixelCity.framework */,
			);
			name = Frameworks;
			sourceTree = "<group>";
		};
/* End PBXGroup section */

/* Begin PBXNativeTarget section */
		A07DDCC11FCB2F5300C3641A /* PixelCity */ = {
			isa = PBXNativeTarget;
			buildConfigurationList = A07DDCD41FCB2F5300C3641A /* Build configuration list for PBXNativeTarget "PixelCity" */;
			buildPhases = (
				ADC037452AF89B0A6475820E /* [CP] Check Pods Manifest.lock */,
				A07DDCBE1FCB2F5300C3641A /* Sources */,
				A07DDCBF1FCB2F5300C3641A /* Frameworks */,
				A07DDCC01FCB2F5300C3641A /* Resources */,
				86675037169AAEDA817B11D4 /* [CP] Embed Pods Frameworks */,
				32BBADC6369EF46FE3FD2804 /* [CP] Copy Pods Resources */,
			);
			buildRules = (
			);
			dependencies = (
			);
			name = PixelCity;
			productName = PixelCity;
			productReference = A07DDCC21FCB2F5300C3641A /* PixelCity.app */;
			productType = "com.apple.product-type.application";
		};
/* End PBXNativeTarget section */

/* Begin PBXProject section */
		A07DDCBA1FCB2F5300C3641A /* Project object */ = {
			isa = PBXProject;
			attributes = {
				LastSwiftUpdateCheck = 0910;
				LastUpgradeCheck = 0910;
				ORGANIZATIONNAME = "Mohamed SADAT";
				TargetAttributes = {
					A07DDCC11FCB2F5300C3641A = {
						CreatedOnToolsVersion = 9.1;
						ProvisioningStyle = Automatic;
					};
				};
			};
			buildConfigurationList = A07DDCBD1FCB2F5300C3641A /* Build configuration list for PBXProject "PixelCity" */;
			compatibilityVersion = "Xcode 8.0";
			developmentRegion = en;
			hasScannedForEncodings = 0;
			knownRegions = (
				en,
				Base,
			);
			mainGroup = A07DDCB91FCB2F5300C3641A;
			productRefGroup = A07DDCC31FCB2F5300C3641A /* Products */;
			projectDirPath = "";
			projectRoot = "";
			targets = (
				A07DDCC11FCB2F5300C3641A /* PixelCity */,
			);
		};
/* End PBXProject section */

/* Begin PBXResourcesBuildPhase section */
		A07DDCC01FCB2F5300C3641A /* Resources */ = {
			isa = PBXResourcesBuildPhase;
			buildActionMask = 2147483647;
			files = (
				A07DDCD01FCB2F5300C3641A /* LaunchScreen.storyboard in Resources */,
				A07DDCCD1FCB2F5300C3641A /* Assets.xcassets in Resources */,
				A07DDCCB1FCB2F5300C3641A /* Main.storyboard in Resources */,
			);
			runOnlyForDeploymentPostprocessing = 0;
		};
/* End PBXResourcesBuildPhase section */

/* Begin PBXShellScriptBuildPhase section */
		32BBADC6369EF46FE3FD2804 /* [CP] Copy Pods Resources */ = {
			isa = PBXShellScriptBuildPhase;
			buildActionMask = 2147483647;
			files = (
			);
			inputPaths = (
			);
			name = "[CP] Copy Pods Resources";
			outputPaths = (
			);
			runOnlyForDeploymentPostprocessing = 0;
			shellPath = /bin/sh;
			shellScript = "\"${SRCROOT}/Pods/Target Support Files/Pods-PixelCity/Pods-PixelCity-resources.sh\"\n";
			showEnvVarsInLog = 0;
		};
		86675037169AAEDA817B11D4 /* [CP] Embed Pods Frameworks */ = {
			isa = PBXShellScriptBuildPhase;
			buildActionMask = 2147483647;
			files = (
			);
			inputPaths = (
				"${SRCROOT}/Pods/Target Support Files/Pods-PixelCity/Pods-PixelCity-frameworks.sh",
				"${BUILT_PRODUCTS_DIR}/Alamofire/Alamofire.framework",
				"${BUILT_PRODUCTS_DIR}/AlamofireImage/AlamofireImage.framework",
			);
			name = "[CP] Embed Pods Frameworks";
			outputPaths = (
				"${TARGET_BUILD_DIR}/${FRAMEWORKS_FOLDER_PATH}/Alamofire.framework",
				"${TARGET_BUILD_DIR}/${FRAMEWORKS_FOLDER_PATH}/AlamofireImage.framework",
			);
			runOnlyForDeploymentPostprocessing = 0;
			shellPath = /bin/sh;
			shellScript = "\"${SRCROOT}/Pods/Target Support Files/Pods-PixelCity/Pods-PixelCity-frameworks.sh\"\n";
			showEnvVarsInLog = 0;
		};
		ADC037452AF89B0A6475820E /* [CP] Check Pods Manifest.lock */ = {
			isa = PBXShellScriptBuildPhase;
			buildActionMask = 2147483647;
			files = (
			);
			inputPaths = (
				"${PODS_PODFILE_DIR_PATH}/Podfile.lock",
				"${PODS_ROOT}/Manifest.lock",
			);
			name = "[CP] Check Pods Manifest.lock";
			outputPaths = (
				"$(DERIVED_FILE_DIR)/Pods-PixelCity-checkManifestLockResult.txt",
			);
			runOnlyForDeploymentPostprocessing = 0;
			shellPath = /bin/sh;
			shellScript = "diff \"${PODS_PODFILE_DIR_PATH}/Podfile.lock\" \"${PODS_ROOT}/Manifest.lock\" > /dev/null\nif [ $? != 0 ] ; then\n    # print error to STDERR\n    echo \"error: The sandbox is not in sync with the Podfile.lock. Run 'pod install' or update your CocoaPods installation.\" >&2\n    exit 1\nfi\n# This output is used by Xcode 'outputs' to avoid re-running this script phase.\necho \"SUCCESS\" > \"${SCRIPT_OUTPUT_FILE_0}\"\n";
			showEnvVarsInLog = 0;
		};
/* End PBXShellScriptBuildPhase section */

/* Begin PBXSourcesBuildPhase section */
		A07DDCBE1FCB2F5300C3641A /* Sources */ = {
			isa = PBXSourcesBuildPhase;
			buildActionMask = 2147483647;
			files = (
				A0B5BD3E1FCD91860003873C /* Constants.swift in Sources */,
				A0B5BD3C1FCD8C490003873C /* PhotoCell.swift in Sources */,
				A07DDCC81FCB2F5300C3641A /* MapVC.swift in Sources */,
				A0DB78741FCC156E00251E93 /* DroppablePin.swift in Sources */,
				A07DDCC61FCB2F5300C3641A /* AppDelegate.swift in Sources */,
			);
			runOnlyForDeploymentPostprocessing = 0;
		};
/* End PBXSourcesBuildPhase section */

/* Begin PBXVariantGroup section */
		A07DDCC91FCB2F5300C3641A /* Main.storyboard */ = {
			isa = PBXVariantGroup;
			children = (
				A07DDCCA1FCB2F5300C3641A /* Base */,
			);
			name = Main.storyboard;
			sourceTree = "<group>";
		};
		A07DDCCE1FCB2F5300C3641A /* LaunchScreen.storyboard */ = {
			isa = PBXVariantGroup;
			children = (
				A07DDCCF1FCB2F5300C3641A /* Base */,
			);
			name = LaunchScreen.storyboard;
			sourceTree = "<group>";
		};
/* End PBXVariantGroup section */

/* Begin XCBuildConfiguration section */
		A07DDCD21FCB2F5300C3641A /* Debug */ = {
			isa = XCBuildConfiguration;
			buildSettings = {
				ALWAYS_SEARCH_USER_PATHS = NO;
				CLANG_ANALYZER_NONNULL = YES;
				CLANG_ANALYZER_NUMBER_OBJECT_CONVERSION = YES_AGGRESSIVE;
				CLANG_CXX_LANGUAGE_STANDARD = "gnu++14";
				CLANG_CXX_LIBRARY = "libc++";
				CLANG_ENABLE_MODULES = YES;
				CLANG_ENABLE_OBJC_ARC = YES;
				CLANG_WARN_BLOCK_CAPTURE_AUTORELEASING = YES;
				CLANG_WARN_BOOL_CONVERSION = YES;
				CLANG_WARN_COMMA = YES;
				CLANG_WARN_CONSTANT_CONVERSION = YES;
				CLANG_WARN_DIRECT_OBJC_ISA_USAGE = YES_ERROR;
				CLANG_WARN_DOCUMENTATION_COMMENTS = YES;
				CLANG_WARN_EMPTY_BODY = YES;
				CLANG_WARN_ENUM_CONVERSION = YES;
				CLANG_WARN_INFINITE_RECURSION = YES;
				CLANG_WARN_INT_CONVERSION = YES;
				CLANG_WARN_NON_LITERAL_NULL_CONVERSION = YES;
				CLANG_WARN_OBJC_LITERAL_CONVERSION = YES;
				CLANG_WARN_OBJC_ROOT_CLASS = YES_ERROR;
				CLANG_WARN_RANGE_LOOP_ANALYSIS = YES;
				CLANG_WARN_STRICT_PROTOTYPES = YES;
				CLANG_WARN_SUSPICIOUS_MOVE = YES;
				CLANG_WARN_UNGUARDED_AVAILABILITY = YES_AGGRESSIVE;
				CLANG_WARN_UNREACHABLE_CODE = YES;
				CLANG_WARN__DUPLICATE_METHOD_MATCH = YES;
				CODE_SIGN_IDENTITY = "iPhone Developer";
				COPY_PHASE_STRIP = NO;
				DEBUG_INFORMATION_FORMAT = dwarf;
				ENABLE_STRICT_OBJC_MSGSEND = YES;
				ENABLE_TESTABILITY = YES;
				GCC_C_LANGUAGE_STANDARD = gnu11;
				GCC_DYNAMIC_NO_PIC = NO;
				GCC_NO_COMMON_BLOCKS = YES;
				GCC_OPTIMIZATION_LEVEL = 0;
				GCC_PREPROCESSOR_DEFINITIONS = (
					"DEBUG=1",
					"$(inherited)",
				);
				GCC_WARN_64_TO_32_BIT_CONVERSION = YES;
				GCC_WARN_ABOUT_RETURN_TYPE = YES_ERROR;
				GCC_WARN_UNDECLARED_SELECTOR = YES;
				GCC_WARN_UNINITIALIZED_AUTOS = YES_AGGRESSIVE;
				GCC_WARN_UNUSED_FUNCTION = YES;
				GCC_WARN_UNUSED_VARIABLE = YES;
				IPHONEOS_DEPLOYMENT_TARGET = 11.1;
				MTL_ENABLE_DEBUG_INFO = YES;
				ONLY_ACTIVE_ARCH = YES;
				SDKROOT = iphoneos;
				SWIFT_ACTIVE_COMPILATION_CONDITIONS = DEBUG;
				SWIFT_OPTIMIZATION_LEVEL = "-Onone";
			};
			name = Debug;
		};
		A07DDCD31FCB2F5300C3641A /* Release */ = {
			isa = XCBuildConfiguration;
			buildSettings = {
				ALWAYS_SEARCH_USER_PATHS = NO;
				CLANG_ANALYZER_NONNULL = YES;
				CLANG_ANALYZER_NUMBER_OBJECT_CONVERSION = YES_AGGRESSIVE;
				CLANG_CXX_LANGUAGE_STANDARD = "gnu++14";
				CLANG_CXX_LIBRARY = "libc++";
				CLANG_ENABLE_MODULES = YES;
				CLANG_ENABLE_OBJC_ARC = YES;
				CLANG_WARN_BLOCK_CAPTURE_AUTORELEASING = YES;
				CLANG_WARN_BOOL_CONVERSION = YES;
				CLANG_WARN_COMMA = YES;
				CLANG_WARN_CONSTANT_CONVERSION = YES;
				CLANG_WARN_DIRECT_OBJC_ISA_USAGE = YES_ERROR;
				CLANG_WARN_DOCUMENTATION_COMMENTS = YES;
				CLANG_WARN_EMPTY_BODY = YES;
				CLANG_WARN_ENUM_CONVERSION = YES;
				CLANG_WARN_INFINITE_RECURSION = YES;
				CLANG_WARN_INT_CONVERSION = YES;
				CLANG_WARN_NON_LITERAL_NULL_CONVERSION = YES;
				CLANG_WARN_OBJC_LITERAL_CONVERSION = YES;
				CLANG_WARN_OBJC_ROOT_CLASS = YES_ERROR;
				CLANG_WARN_RANGE_LOOP_ANALYSIS = YES;
				CLANG_WARN_STRICT_PROTOTYPES = YES;
				CLANG_WARN_SUSPICIOUS_MOVE = YES;
				CLANG_WARN_UNGUARDED_AVAILABILITY = YES_AGGRESSIVE;
				CLANG_WARN_UNREACHABLE_CODE = YES;
				CLANG_WARN__DUPLICATE_METHOD_MATCH = YES;
				CODE_SIGN_IDENTITY = "iPhone Developer";
				COPY_PHASE_STRIP = NO;
				DEBUG_INFORMATION_FORMAT = "dwarf-with-dsym";
				ENABLE_NS_ASSERTIONS = NO;
				ENABLE_STRICT_OBJC_MSGSEND = YES;
				GCC_C_LANGUAGE_STANDARD = gnu11;
				GCC_NO_COMMON_BLOCKS = YES;
				GCC_WARN_64_TO_32_BIT_CONVERSION = YES;
				GCC_WARN_ABOUT_RETURN_TYPE = YES_ERROR;
				GCC_WARN_UNDECLARED_SELECTOR = YES;
				GCC_WARN_UNINITIALIZED_AUTOS = YES_AGGRESSIVE;
				GCC_WARN_UNUSED_FUNCTION = YES;
				GCC_WARN_UNUSED_VARIABLE = YES;
				IPHONEOS_DEPLOYMENT_TARGET = 11.1;
				MTL_ENABLE_DEBUG_INFO = NO;
				SDKROOT = iphoneos;
				SWIFT_OPTIMIZATION_LEVEL = "-Owholemodule";
				VALIDATE_PRODUCT = YES;
			};
			name = Release;
		};
		A07DDCD51FCB2F5300C3641A /* Debug */ = {
			isa = XCBuildConfiguration;
			baseConfigurationReference = D19916791C555C0A9BDBE60E /* Pods-PixelCity.debug.xcconfig */;
			buildSettings = {
				ASSETCATALOG_COMPILER_APPICON_NAME = AppIcon;
				CODE_SIGN_STYLE = Automatic;
				DEVELOPMENT_TEAM = JBD2W62Q7B;
				INFOPLIST_FILE = PixelCity/Info.plist;
				LD_RUNPATH_SEARCH_PATHS = "$(inherited) @executable_path/Frameworks";
				PRODUCT_BUNDLE_IDENTIFIER = com.mohsadat.PixelCity;
				PRODUCT_NAME = "$(TARGET_NAME)";
				SWIFT_VERSION = 4.0;
				TARGETED_DEVICE_FAMILY = "1,2";
			};
			name = Debug;
		};
		A07DDCD61FCB2F5300C3641A /* Release */ = {
			isa = XCBuildConfiguration;
			baseConfigurationReference = 602BA9FD9990837098E464C7 /* Pods-PixelCity.release.xcconfig */;
			buildSettings = {
				ASSETCATALOG_COMPILER_APPICON_NAME = AppIcon;
				CODE_SIGN_STYLE = Automatic;
				DEVELOPMENT_TEAM = JBD2W62Q7B;
				INFOPLIST_FILE = PixelCity/Info.plist;
				LD_RUNPATH_SEARCH_PATHS = "$(inherited) @executable_path/Frameworks";
				PRODUCT_BUNDLE_IDENTIFIER = com.mohsadat.PixelCity;
				PRODUCT_NAME = "$(TARGET_NAME)";
				SWIFT_VERSION = 4.0;
				TARGETED_DEVICE_FAMILY = "1,2";
			};
			name = Release;
		};
/* End XCBuildConfiguration section */

/* Begin XCConfigurationList section */
		A07DDCBD1FCB2F5300C3641A /* Build configuration list for PBXProject "PixelCity" */ = {
			isa = XCConfigurationList;
			buildConfigurations = (
				A07DDCD21FCB2F5300C3641A /* Debug */,
				A07DDCD31FCB2F5300C3641A /* Release */,
			);
			defaultConfigurationIsVisible = 0;
			defaultConfigurationName = Release;
		};
		A07DDCD41FCB2F5300C3641A /* Build configuration list for PBXNativeTarget "PixelCity" */ = {
			isa = XCConfigurationList;
			buildConfigurations = (
				A07DDCD51FCB2F5300C3641A /* Debug */,
				A07DDCD61FCB2F5300C3641A /* Release */,
			);
			defaultConfigurationIsVisible = 0;
			defaultConfigurationName = Release;
		};
/* End XCConfigurationList section */
	};
	rootObject = A07DDCBA1FCB2F5300C3641A /* Project object */;
}
